
Microsoft Visual Studio Solution File, Format Version 12.00
# Visual Studio Version 17
VisualStudioVersion = 17.5.33424.131
MinimumVisualStudioVersion = 10.0.40219.1
Project("{8BC9CEB8-8B4A-11D0-8D11-00A0C91BC942}") = "MbrStatic", "MbrStatic\MbrStatic.vcxproj", "{767AA637-19EC-43C2-B09B-BDAC431F2558}"
EndProject
Project("{8BC9CEB8-8B4A-11D0-8D11-00A0C91BC942}") = "mbrstaticfunc", "mbrstaticfunc\mbrstaticfunc.vcxproj", "{15F6E657-EEB7-4092-80E1-F63AE38346D6}"
EndProject
Global
	GlobalSection(SolutionConfigurationPlatforms) = preSolution
		Debug|x64 = Debug|x64
		Debug|x86 = Debug|x86
		Release|x64 = Release|x64
		Release|x86 = Release|x86
	EndGlobalSection
	GlobalSection(ProjectConfigurationPlatforms) = postSolution
		{767AA637-19EC-43C2-B09B-BDAC431F2558}.Debug|x64.ActiveCfg = Debug|x64
		{767AA637-19EC-43C2-B09B-BDAC431F2558}.Debug|x64.Build.0 = Debug|x64
		{767AA637-19EC-43C2-B09B-BDAC431F2558}.Debug|x86.ActiveCfg = Debug|Win32
		{767AA637-19EC-43C2-B09B-BDAC431F2558}.Debug|x86.Build.0 = Debug|Win32
		{767AA637-19EC-43C2-B09B-BDAC431F2558}.Release|x64.ActiveCfg = Release|x64
		{767AA637-19EC-43C2-B09B-BDAC431F2558}.Release|x64.Build.0 = Release|x64
		{767AA637-19EC-43C2-B09B-BDAC431F2558}.Release|x86.ActiveCfg = Release|Win32
		{767AA637-19EC-43C2-B09B-BDAC431F2558}.Release|x86.Build.0 = Release|Win32
		{15F6E657-EEB7-4092-80E1-F63AE38346D6}.Debug|x64.ActiveCfg = Debug|x64
		{15F6E657-EEB7-4092-80E1-F63AE38346D6}.Debug|x64.Build.0 = Debug|x64
		{15F6E657-EEB7-4092-80E1-F63AE38346D6}.Debug|x86.ActiveCfg = Debug|Win32
		{15F6E657-EEB7-4092-80E1-F63AE38346D6}.Debug|x86.Build.0 = Debug|Win32
		{15F6E657-EEB7-4092-80E1-F63AE38346D6}.Release|x64.ActiveCfg = Release|x64
		{15F6E657-EEB7-4092-80E1-F63AE38346D6}.Release|x64.Build.0 = Release|x64
		{15F6E657-EEB7-4092-80E1-F63AE38346D6}.Release|x86.ActiveCfg = Release|Win32
		{15F6E657-EEB7-4092-80E1-F63AE38346D6}.Release|x86.Build.0 = Release|Win32
	EndGlobalSection
	GlobalSection(SolutionProperties) = preSolution
		HideSolutionNode = FALSE
	EndGlobalSection
	GlobalSection(ExtensibilityGlobals) = postSolution
		SolutionGuid = {1BEFE453-3B5D-4BF0-9835-68DAEA60558C}
	EndGlobalSection
EndGlobal
